Microsoft Visual Studio Solution File, Format Version 11.00
# Visual Studio 2008

Project("{4C9E8724-D8A5-F9C1-D135-5C084A6729BC}") = "Agent_7", "Assembly-CSharp-vs.csproj", "{11FF684C-F6BF-E1BB-6353-802D70C77938}"
EndProject
Global
	GlobalSection(SolutionConfigurationPlatforms) = preSolution
		Debug|Any CPU = Debug|Any CPU
		Release|Any CPU = Release|Any CPU
	EndGlobalSection
	GlobalSection(ProjectConfigurationPlatforms) = postSolution
		{11FF684C-F6BF-E1BB-6353-802D70C77938}.Debug|Any CPU.ActiveCfg = Debug|Any CPU
		{11FF684C-F6BF-E1BB-6353-802D70C77938}.Debug|Any CPU.Build.0 = Debug|Any CPU
		{11FF684C-F6BF-E1BB-6353-802D70C77938}.Release|Any CPU.ActiveCfg = Release|Any CPU
		{11FF684C-F6BF-E1BB-6353-802D70C77938}.Release|Any CPU.Build.0 = Release|Any CPU
	EndGlobalSection
	GlobalSection(SolutionProperties) = preSolution
		HideSolutionNode = FALSE
	EndGlobalSection
																														GlobalSection(MonoDevelopProperties) = preSolution
		StartupItem = Assembly-CSharp.csproj
		Policies = $0
		$0.TextStylePolicy = $1
		$1.inheritsSet = null
		$1.scope = text/x-csharp
		$0.CSharpFormattingPolicy = $2
		$2.inheritsSet = Mono
		$2.inheritsScope = text/x-csharp
		$2.scope = text/x-csharp
		$0.TextStylePolicy = $3
		$3.FileWidth = 120
		$3.TabWidth = 4
		$3.EolMarker = Unix
		$3.inheritsSet = Mono
		$3.inheritsScope = text/plain
		$3.scope = text/plain
	EndGlobalSection

EndGlobal
